
Microsoft Visual Studio Solution File, Format Version 12.00
# Visual Studio Version 17
VisualStudioVersion = 17.0.31903.59
MinimumVisualStudioVersion = 10.0.40219.1
Project("{FAE04EC0-301F-11D3-BF4B-00C04F79EFBC}") = "PlayerManager2", "PlayerManager2\PlayerManager2.csproj", "{51BB451D-F921-4F53-BFB5-B4F08333AA74}"
EndProject
Project("{FAE04EC0-301F-11D3-BF4B-00C04F79EFBC}") = "PlayerManager4", "PlayerManager4\PlayerManager4.csproj", "{6D7E3F2B-C385-45F9-A7F3-E3CD827CECDE}"
EndProject
Global
	GlobalSection(SolutionConfigurationPlatforms) = preSolution
		Debug|Any CPU = Debug|Any CPU
		Release|Any CPU = Release|Any CPU
	EndGlobalSection
	GlobalSection(SolutionProperties) = preSolution
		HideSolutionNode = FALSE
	EndGlobalSection
	GlobalSection(ProjectConfigurationPlatforms) = postSolution
		{51BB451D-F921-4F53-BFB5-B4F08333AA74}.Debug|Any CPU.ActiveCfg = Debug|Any CPU
		{51BB451D-F921-4F53-BFB5-B4F08333AA74}.Debug|Any CPU.Build.0 = Debug|Any CPU
		{51BB451D-F921-4F53-BFB5-B4F08333AA74}.Release|Any CPU.ActiveCfg = Release|Any CPU
		{51BB451D-F921-4F53-BFB5-B4F08333AA74}.Release|Any CPU.Build.0 = Release|Any CPU
		{6D7E3F2B-C385-45F9-A7F3-E3CD827CECDE}.Debug|Any CPU.ActiveCfg = Debug|Any CPU
		{6D7E3F2B-C385-45F9-A7F3-E3CD827CECDE}.Debug|Any CPU.Build.0 = Debug|Any CPU
		{6D7E3F2B-C385-45F9-A7F3-E3CD827CECDE}.Release|Any CPU.ActiveCfg = Release|Any CPU
		{6D7E3F2B-C385-45F9-A7F3-E3CD827CECDE}.Release|Any CPU.Build.0 = Release|Any CPU
	EndGlobalSection
EndGlobal
